
Microsoft Visual Studio Solution File, Format Version 12.00
# Visual Studio 15
VisualStudioVersion = 15.0.27703.2000
MinimumVisualStudioVersion = 10.0.40219.1
Project("{9A19103F-16F7-4668-BE54-9A1E7A4F7556}") = "JsonPagedList", "PagedList\JsonPagedList.csproj", "{3A8A933B-B98B-4341-8BB6-EF95A13AF3F6}"
EndProject
Project("{9A19103F-16F7-4668-BE54-9A1E7A4F7556}") = "Sample", "Sample\Sample.csproj", "{7681DD70-E58F-4808-AB6B-37FBE06C1275}"
EndProject
Project("{2150E333-8FDC-42A3-9474-1A3956D46DE8}") = "nuget", "nuget", "{CB416720-29F6-4F99-9C83-6900AB84DA5E}"
EndProject
Project("{9A19103F-16F7-4668-BE54-9A1E7A4F7556}") = "JsonPagedList.Extension", "PagedListExtension\JsonPagedList.Extension.csproj", "{4FA9AB34-867F-413A-8D77-9C63FB384464}"
EndProject
Global
	GlobalSection(SolutionConfigurationPlatforms) = preSolution
		Debug|Any CPU = Debug|Any CPU
		Release|Any CPU = Release|Any CPU
	EndGlobalSection
	GlobalSection(ProjectConfigurationPlatforms) = postSolution
		{3A8A933B-B98B-4341-8BB6-EF95A13AF3F6}.Debug|Any CPU.ActiveCfg = Debug|Any CPU
		{3A8A933B-B98B-4341-8BB6-EF95A13AF3F6}.Debug|Any CPU.Build.0 = Debug|Any CPU
		{3A8A933B-B98B-4341-8BB6-EF95A13AF3F6}.Release|Any CPU.ActiveCfg = Release|Any CPU
		{3A8A933B-B98B-4341-8BB6-EF95A13AF3F6}.Release|Any CPU.Build.0 = Release|Any CPU
		{7681DD70-E58F-4808-AB6B-37FBE06C1275}.Debug|Any CPU.ActiveCfg = Debug|Any CPU
		{7681DD70-E58F-4808-AB6B-37FBE06C1275}.Debug|Any CPU.Build.0 = Debug|Any CPU
		{7681DD70-E58F-4808-AB6B-37FBE06C1275}.Release|Any CPU.ActiveCfg = Release|Any CPU
		{7681DD70-E58F-4808-AB6B-37FBE06C1275}.Release|Any CPU.Build.0 = Release|Any CPU
		{4FA9AB34-867F-413A-8D77-9C63FB384464}.Debug|Any CPU.ActiveCfg = Debug|Any CPU
		{4FA9AB34-867F-413A-8D77-9C63FB384464}.Debug|Any CPU.Build.0 = Debug|Any CPU
		{4FA9AB34-867F-413A-8D77-9C63FB384464}.Release|Any CPU.ActiveCfg = Release|Any CPU
		{4FA9AB34-867F-413A-8D77-9C63FB384464}.Release|Any CPU.Build.0 = Release|Any CPU
	EndGlobalSection
	GlobalSection(SolutionProperties) = preSolution
		HideSolutionNode = FALSE
	EndGlobalSection
	GlobalSection(NestedProjects) = preSolution
		{3A8A933B-B98B-4341-8BB6-EF95A13AF3F6} = {CB416720-29F6-4F99-9C83-6900AB84DA5E}
		{4FA9AB34-867F-413A-8D77-9C63FB384464} = {CB416720-29F6-4F99-9C83-6900AB84DA5E}
	EndGlobalSection
	GlobalSection(ExtensibilityGlobals) = postSolution
		SolutionGuid = {882F8FA1-8162-4A2C-83FC-EF212B2D1867}
	EndGlobalSection
EndGlobal
